
Microsoft Visual Studio Solution File, Format Version 12.00
# Visual Studio Version 16
VisualStudioVersion = 16.0.29609.76
MinimumVisualStudioVersion = 10.0.40219.1
Project("{FAE04EC0-301F-11D3-BF4B-00C04F79EFBC}") = "TestDll1", "TestDll1.csproj", "{A3DC329D-F76E-4A40-8B7B-C4F4F93B16B9}"
EndProject
Project("{FAE04EC0-301F-11D3-BF4B-00C04F79EFBC}") = "TestDll2", "..\TestDll2\TestDll2.csproj", "{927E552F-8405-4BFF-BB97-B29D49F6EE32}"
EndProject
Project("{FAE04EC0-301F-11D3-BF4B-00C04F79EFBC}") = "TestJob", "..\TestJob\TestJob.csproj", "{220DA9B9-C3D5-46A7-A374-A905EE67AA4C}"
EndProject
Project("{FAE04EC0-301F-11D3-BF4B-00C04F79EFBC}") = "QuartzForWinForm", "..\QuartzForWinForm\QuartzForWinForm.csproj", "{2A856BA6-FD52-4340-A183-BCC703DB8DCC}"
EndProject
Global
	GlobalSection(SolutionConfigurationPlatforms) = preSolution
		Debug|Any CPU = Debug|Any CPU
		Release|Any CPU = Release|Any CPU
	EndGlobalSection
	GlobalSection(ProjectConfigurationPlatforms) = postSolution
		{A3DC329D-F76E-4A40-8B7B-C4F4F93B16B9}.Debug|Any CPU.ActiveCfg = Debug|Any CPU
		{A3DC329D-F76E-4A40-8B7B-C4F4F93B16B9}.Debug|Any CPU.Build.0 = Debug|Any CPU
		{A3DC329D-F76E-4A40-8B7B-C4F4F93B16B9}.Release|Any CPU.ActiveCfg = Release|Any CPU
		{A3DC329D-F76E-4A40-8B7B-C4F4F93B16B9}.Release|Any CPU.Build.0 = Release|Any CPU
		{927E552F-8405-4BFF-BB97-B29D49F6EE32}.Debug|Any CPU.ActiveCfg = Debug|Any CPU
		{927E552F-8405-4BFF-BB97-B29D49F6EE32}.Debug|Any CPU.Build.0 = Debug|Any CPU
		{927E552F-8405-4BFF-BB97-B29D49F6EE32}.Release|Any CPU.ActiveCfg = Release|Any CPU
		{927E552F-8405-4BFF-BB97-B29D49F6EE32}.Release|Any CPU.Build.0 = Release|Any CPU
		{220DA9B9-C3D5-46A7-A374-A905EE67AA4C}.Debug|Any CPU.ActiveCfg = Debug|Any CPU
		{220DA9B9-C3D5-46A7-A374-A905EE67AA4C}.Debug|Any CPU.Build.0 = Debug|Any CPU
		{220DA9B9-C3D5-46A7-A374-A905EE67AA4C}.Release|Any CPU.ActiveCfg = Release|Any CPU
		{220DA9B9-C3D5-46A7-A374-A905EE67AA4C}.Release|Any CPU.Build.0 = Release|Any CPU
		{2A856BA6-FD52-4340-A183-BCC703DB8DCC}.Debug|Any CPU.ActiveCfg = Debug|Any CPU
		{2A856BA6-FD52-4340-A183-BCC703DB8DCC}.Debug|Any CPU.Build.0 = Debug|Any CPU
		{2A856BA6-FD52-4340-A183-BCC703DB8DCC}.Release|Any CPU.ActiveCfg = Release|Any CPU
		{2A856BA6-FD52-4340-A183-BCC703DB8DCC}.Release|Any CPU.Build.0 = Release|Any CPU
	EndGlobalSection
	GlobalSection(SolutionProperties) = preSolution
		HideSolutionNode = FALSE
	EndGlobalSection
	GlobalSection(ExtensibilityGlobals) = postSolution
		SolutionGuid = {D5514621-71D2-4949-B3C2-3AC0E6BEC137}
	EndGlobalSection
EndGlobal
